// !$*UTF8*$!
{
	archiveVersion = 1;
	classes = {
	};
	objectVersion = 48;
	objects = {

/* Begin PBXBuildFile section */
		0EE58B79BEDB91318849C7A9 /* Pods_WeatherApplication.framework in Frameworks */ = {isa = PBXBuildFile; fileRef = A978337B467946E5D966DE60 /* Pods_WeatherApplication.framework */; };
		7E41D62F216F8A9D0057E001 /* WeatherApplication.xcdatamodeld in Sources */ = {isa = PBXBuildFile; fileRef = 7E41D62D216F8A9D0057E001 /* WeatherApplication.xcdatamodeld */; };
		7E41D633216FBBFF0057E001 /* ColorExtension.swift in Sources */ = {isa = PBXBuildFile; fileRef = 7E41D632216FBBFF0057E001 /* ColorExtension.swift */; };
		7E9DA54D216B974800436758 /* AppDelegate.swift in Sources */ = {isa = PBXBuildFile; fileRef = 7E9DA54C216B974800436758 /* AppDelegate.swift */; };
		7E9DA54F216B974800436758 /* MainViewController.swift in Sources */ = {isa = PBXBuildFile; fileRef = 7E9DA54E216B974800436758 /* MainViewController.swift */; };
		7E9DA552216B974800436758 /* Main.storyboard in Resources */ = {isa = PBXBuildFile; fileRef = 7E9DA550216B974800436758 /* Main.storyboard */; };
		7E9DA554216B974800436758 /* Assets.xcassets in Resources */ = {isa = PBXBuildFile; fileRef = 7E9DA553216B974800436758 /* Assets.xcassets */; };
		7E9DA557216B974800436758 /* LaunchScreen.storyboard in Resources */ = {isa = PBXBuildFile; fileRef = 7E9DA555216B974800436758 /* LaunchScreen.storyboard */; };
		7E9DA55F216BBD7300436758 /* DetailForecastTableViewController.swift in Sources */ = {isa = PBXBuildFile; fileRef = 7E9DA55E216BBD7300436758 /* DetailForecastTableViewController.swift */; };
		7E9DA561216BBDE300436758 /* DetailForecastTableViewCell.swift in Sources */ = {isa = PBXBuildFile; fileRef = 7E9DA560216BBDE300436758 /* DetailForecastTableViewCell.swift */; };
		7E9DA566216BE36400436758 /* HTTPClient.swift in Sources */ = {isa = PBXBuildFile; fileRef = 7E9DA565216BE36400436758 /* HTTPClient.swift */; };
		7E9DA568216BE38900436758 /* OpenWeatherMapApi.swift in Sources */ = {isa = PBXBuildFile; fileRef = 7E9DA567216BE38900436758 /* OpenWeatherMapApi.swift */; };
		7E9DA56A216BE4E600436758 /* Weather.swift in Sources */ = {isa = PBXBuildFile; fileRef = 7E9DA569216BE4E600436758 /* Weather.swift */; };
		7E9DA57E216CC9FA00436758 /* CoreDataManager.swift in Sources */ = {isa = PBXBuildFile; fileRef = 7E9DA57D216CC9FA00436758 /* CoreDataManager.swift */; };
		7E9DA580216CCD3C00436758 /* OfflineCityListTableViewController.swift in Sources */ = {isa = PBXBuildFile; fileRef = 7E9DA57F216CCD3C00436758 /* OfflineCityListTableViewController.swift */; };
		7E9DA582216CCDA700436758 /* CityTableViewCell.swift in Sources */ = {isa = PBXBuildFile; fileRef = 7E9DA581216CCDA700436758 /* CityTableViewCell.swift */; };
		7E9DA58C216E3A4600436758 /* NetworkManager.swift in Sources */ = {isa = PBXBuildFile; fileRef = 7E9DA58B216E3A4600436758 /* NetworkManager.swift */; };
		7E9DA58E216E52C400436758 /* OfflineDetailForecastViewController.swift in Sources */ = {isa = PBXBuildFile; fileRef = 7E9DA58D216E52C400436758 /* OfflineDetailForecastViewController.swift */; };
		7E9DA5A7216E5D0A00436758 /* Forecast+CoreDataClass.swift in Sources */ = {isa = PBXBuildFile; fileRef = 7E9DA5A3216E5D0A00436758 /* Forecast+CoreDataClass.swift */; };
		7E9DA5A8216E5D0A00436758 /* Forecast+CoreDataProperties.swift in Sources */ = {isa = PBXBuildFile; fileRef = 7E9DA5A4216E5D0A00436758 /* Forecast+CoreDataProperties.swift */; };
/* End PBXBuildFile section */

/* Begin PBXFileReference section */
		23110649180F5D5C1F68BC57 /* Pods-WeatherApplication.debug.xcconfig */ = {isa = PBXFileReference; includeInIndex = 1; lastKnownFileType = text.xcconfig; name = "Pods-WeatherApplication.debug.xcconfig"; path = "Pods/Target Support Files/Pods-WeatherApplication/Pods-WeatherApplication.debug.xcconfig"; sourceTree = "<group>"; };
		4E26A2CCBDE80F825B8D2A09 /* Pods-WeatherApplication.release.xcconfig */ = {isa = PBXFileReference; includeInIndex = 1; lastKnownFileType = text.xcconfig; name = "Pods-WeatherApplication.release.xcconfig"; path = "Pods/Target Support Files/Pods-WeatherApplication/Pods-WeatherApplication.release.xcconfig"; sourceTree = "<group>"; };
		7E41D62E216F8A9D0057E001 /* WeatherApplication.xcdatamodel */ = {isa = PBXFileReference; lastKnownFileType = wrapper.xcdatamodel; path = WeatherApplication.xcdatamodel; sourceTree = "<group>"; };
		7E41D632216FBBFF0057E001 /* ColorExtension.swift */ = {isa = PBXFileReference; lastKnownFileType = sourcecode.swift; path = ColorExtension.swift; sourceTree = "<group>"; };
		7E9DA549216B974800436758 /* WeatherApplication.app */ = {isa = PBXFileReference; explicitFileType = wrapper.application; includeInIndex = 0; path = WeatherApplication.app; sourceTree = BUILT_PRODUCTS_DIR; };
		7E9DA54C216B974800436758 /* AppDelegate.swift */ = {isa = PBXFileReference; lastKnownFileType = sourcecode.swift; path = AppDelegate.swift; sourceTree = "<group>"; };
		7E9DA54E216B974800436758 /* MainViewController.swift */ = {isa = PBXFileReference; lastKnownFileType = sourcecode.swift; path = MainViewController.swift; sourceTree = "<group>"; };
		7E9DA551216B974800436758 /* Base */ = {isa = PBXFileReference; lastKnownFileType = file.storyboard; name = Base; path = Base.lproj/Main.storyboard; sourceTree = "<group>"; };
		7E9DA553216B974800436758 /* Assets.xcassets */ = {isa = PBXFileReference; lastKnownFileType = folder.assetcatalog; path = Assets.xcassets; sourceTree = "<group>"; };
		7E9DA556216B974800436758 /* Base */ = {isa = PBXFileReference; lastKnownFileType = file.storyboard; name = Base; path = Base.lproj/LaunchScreen.storyboard; sourceTree = "<group>"; };
		7E9DA558216B974800436758 /* Info.plist */ = {isa = PBXFileReference; lastKnownFileType = text.plist.xml; path = Info.plist; sourceTree = "<group>"; };
		7E9DA55E216BBD7300436758 /* DetailForecastTableViewController.swift */ = {isa = PBXFileReference; lastKnownFileType = sourcecode.swift; path = DetailForecastTableViewController.swift; sourceTree = "<group>"; };
		7E9DA560216BBDE300436758 /* DetailForecastTableViewCell.swift */ = {isa = PBXFileReference; lastKnownFileType = sourcecode.swift; path = DetailForecastTableViewCell.swift; sourceTree = "<group>"; };
		7E9DA565216BE36400436758 /* HTTPClient.swift */ = {isa = PBXFileReference; lastKnownFileType = sourcecode.swift; path = HTTPClient.swift; sourceTree = "<group>"; };
		7E9DA567216BE38900436758 /* OpenWeatherMapApi.swift */ = {isa = PBXFileReference; lastKnownFileType = sourcecode.swift; path = OpenWeatherMapApi.swift; sourceTree = "<group>"; };
		7E9DA569216BE4E600436758 /* Weather.swift */ = {isa = PBXFileReference; lastKnownFileType = sourcecode.swift; path = Weather.swift; sourceTree = "<group>"; };
		7E9DA57D216CC9FA00436758 /* CoreDataManager.swift */ = {isa = PBXFileReference; lastKnownFileType = sourcecode.swift; path = CoreDataManager.swift; sourceTree = "<group>"; };
		7E9DA57F216CCD3C00436758 /* OfflineCityListTableViewController.swift */ = {isa = PBXFileReference; lastKnownFileType = sourcecode.swift; path = OfflineCityListTableViewController.swift; sourceTree = "<group>"; };
		7E9DA581216CCDA700436758 /* CityTableViewCell.swift */ = {isa = PBXFileReference; lastKnownFileType = sourcecode.swift; path = CityTableViewCell.swift; sourceTree = "<group>"; };
		7E9DA58B216E3A4600436758 /* NetworkManager.swift */ = {isa = PBXFileReference; lastKnownFileType = sourcecode.swift; path = NetworkManager.swift; sourceTree = "<group>"; };
		7E9DA58D216E52C400436758 /* OfflineDetailForecastViewController.swift */ = {isa = PBXFileReference; lastKnownFileType = sourcecode.swift; path = OfflineDetailForecastViewController.swift; sourceTree = "<group>"; };
		7E9DA5A3216E5D0A00436758 /* Forecast+CoreDataClass.swift */ = {isa = PBXFileReference; lastKnownFileType = sourcecode.swift; path = "Forecast+CoreDataClass.swift"; sourceTree = "<group>"; };
		7E9DA5A4216E5D0A00436758 /* Forecast+CoreDataProperties.swift */ = {isa = PBXFileReference; lastKnownFileType = sourcecode.swift; path = "Forecast+CoreDataProperties.swift"; sourceTree = "<group>"; };
		A978337B467946E5D966DE60 /* Pods_WeatherApplication.framework */ = {isa = PBXFileReference; explicitFileType = wrapper.framework; includeInIndex = 0; path = Pods_WeatherApplication.framework; sourceTree = BUILT_PRODUCTS_DIR; };
/* End PBXFileReference section */

/* Begin PBXFrameworksBuildPhase section */
		7E9DA546216B974800436758 /* Frameworks */ = {
			isa = PBXFrameworksBuildPhase;
			buildActionMask = 2147483647;
			files = (
				0EE58B79BEDB91318849C7A9 /* Pods_WeatherApplication.framework in Frameworks */,
			);
			runOnlyForDeploymentPostprocessing = 0;
		};
/* End PBXFrameworksBuildPhase section */

/* Begin PBXGroup section */
		42877DE1249647D7333BCDE1 /* Pods */ = {
			isa = PBXGroup;
			children = (
				23110649180F5D5C1F68BC57 /* Pods-WeatherApplication.debug.xcconfig */,
				4E26A2CCBDE80F825B8D2A09 /* Pods-WeatherApplication.release.xcconfig */,
			);
			name = Pods;
			sourceTree = "<group>";
		};
		7E9DA540216B974800436758 = {
			isa = PBXGroup;
			children = (
				7E9DA54B216B974800436758 /* WeatherApplication */,
				7E9DA54A216B974800436758 /* Products */,
				42877DE1249647D7333BCDE1 /* Pods */,
				814D19F36938FD51CE878CE7 /* Frameworks */,
			);
			sourceTree = "<group>";
		};
		7E9DA54A216B974800436758 /* Products */ = {
			isa = PBXGroup;
			children = (
				7E9DA549216B974800436758 /* WeatherApplication.app */,
			);
			name = Products;
			sourceTree = "<group>";
		};
		7E9DA54B216B974800436758 /* WeatherApplication */ = {
			isa = PBXGroup;
			children = (
				7E9DA5AC216F7E0B00436758 /* CoreDataWork */,
				7E9DA5A9216E6F8500436758 /* Extensions */,
				7E9DA56B216BE51500436758 /* Models */,
				7E9DA564216BDEF800436758 /* APIhelpers */,
				7E9DA563216BDEE900436758 /* Controllers */,
				7E9DA562216BDEB200436758 /* Views */,
				7E9DA54C216B974800436758 /* AppDelegate.swift */,
				7E9DA550216B974800436758 /* Main.storyboard */,
				7E9DA553216B974800436758 /* Assets.xcassets */,
				7E9DA555216B974800436758 /* LaunchScreen.storyboard */,
				7E9DA558216B974800436758 /* Info.plist */,
				7E41D62D216F8A9D0057E001 /* WeatherApplication.xcdatamodeld */,
			);
			path = WeatherApplication;
			sourceTree = "<group>";
		};
		7E9DA562216BDEB200436758 /* Views */ = {
			isa = PBXGroup;
			children = (
				7E9DA560216BBDE300436758 /* DetailForecastTableViewCell.swift */,
				7E9DA581216CCDA700436758 /* CityTableViewCell.swift */,
			);
			path = Views;
			sourceTree = "<group>";
		};
		7E9DA563216BDEE900436758 /* Controllers */ = {
			isa = PBXGroup;
			children = (
				7E9DA54E216B974800436758 /* MainViewController.swift */,
				7E9DA55E216BBD7300436758 /* DetailForecastTableViewController.swift */,
				7E9DA57F216CCD3C00436758 /* OfflineCityListTableViewController.swift */,
				7E9DA58D216E52C400436758 /* OfflineDetailForecastViewController.swift */,
			);
			path = Controllers;
			sourceTree = "<group>";
		};
		7E9DA564216BDEF800436758 /* APIhelpers */ = {
			isa = PBXGroup;
			children = (
				7E9DA567216BE38900436758 /* OpenWeatherMapApi.swift */,
				7E9DA565216BE36400436758 /* HTTPClient.swift */,
			);
			path = APIhelpers;
			sourceTree = "<group>";
		};
		7E9DA56B216BE51500436758 /* Models */ = {
			isa = PBXGroup;
			children = (
				7E9DA569216BE4E600436758 /* Weather.swift */,
				7E9DA58B216E3A4600436758 /* NetworkManager.swift */,
			);
			path = Models;
			sourceTree = "<group>";
		};
		7E9DA5A9216E6F8500436758 /* Extensions */ = {
			isa = PBXGroup;
			children = (
				7E41D632216FBBFF0057E001 /* ColorExtension.swift */,
			);
			name = Extensions;
			sourceTree = "<group>";
		};
		7E9DA5AC216F7E0B00436758 /* CoreDataWork */ = {
			isa = PBXGroup;
			children = (
				7E9DA5A3216E5D0A00436758 /* Forecast+CoreDataClass.swift */,
				7E9DA5A4216E5D0A00436758 /* Forecast+CoreDataProperties.swift */,
				7E9DA57D216CC9FA00436758 /* CoreDataManager.swift */,
			);
			path = CoreDataWork;
			sourceTree = "<group>";
		};
		814D19F36938FD51CE878CE7 /* Frameworks */ = {
			isa = PBXGroup;
			children = (
				A978337B467946E5D966DE60 /* Pods_WeatherApplication.framework */,
			);
			name = Frameworks;
			sourceTree = "<group>";
		};
/* End PBXGroup section */

/* Begin PBXNativeTarget section */
		7E9DA548216B974800436758 /* WeatherApplication */ = {
			isa = PBXNativeTarget;
			buildConfigurationList = 7E9DA55B216B974800436758 /* Build configuration list for PBXNativeTarget "WeatherApplication" */;
			buildPhases = (
				98BBCD85DD7305EC69A215B6 /* [CP] Check Pods Manifest.lock */,
				7E9DA545216B974800436758 /* Sources */,
				7E9DA546216B974800436758 /* Frameworks */,
				7E9DA547216B974800436758 /* Resources */,
				7511C555FA296741A1F80754 /* [CP] Embed Pods Frameworks */,
				736FD2B4EB79289A8E047949 /* [CP] Copy Pods Resources */,
			);
			buildRules = (
			);
			dependencies = (
			);
			name = WeatherApplication;
			productName = WeatherApplication;
			productReference = 7E9DA549216B974800436758 /* WeatherApplication.app */;
			productType = "com.apple.product-type.application";
		};
/* End PBXNativeTarget section */

/* Begin PBXProject section */
		7E9DA541216B974800436758 /* Project object */ = {
			isa = PBXProject;
			attributes = {
				LastSwiftUpdateCheck = 0900;
				LastUpgradeCheck = 0900;
				ORGANIZATIONNAME = "Andrii Pyvovarov";
				TargetAttributes = {
					7E9DA548216B974800436758 = {
						CreatedOnToolsVersion = 9.0.1;
						ProvisioningStyle = Automatic;
					};
				};
			};
			buildConfigurationList = 7E9DA544216B974800436758 /* Build configuration list for PBXProject "WeatherApplication" */;
			compatibilityVersion = "Xcode 8.0";
			developmentRegion = en;
			hasScannedForEncodings = 0;
			knownRegions = (
				en,
				Base,
			);
			mainGroup = 7E9DA540216B974800436758;
			productRefGroup = 7E9DA54A216B974800436758 /* Products */;
			projectDirPath = "";
			projectRoot = "";
			targets = (
				7E9DA548216B974800436758 /* WeatherApplication */,
			);
		};
/* End PBXProject section */

/* Begin PBXResourcesBuildPhase section */
		7E9DA547216B974800436758 /* Resources */ = {
			isa = PBXResourcesBuildPhase;
			buildActionMask = 2147483647;
			files = (
				7E9DA557216B974800436758 /* LaunchScreen.storyboard in Resources */,
				7E9DA554216B974800436758 /* Assets.xcassets in Resources */,
				7E9DA552216B974800436758 /* Main.storyboard in Resources */,
			);
			runOnlyForDeploymentPostprocessing = 0;
		};
/* End PBXResourcesBuildPhase section */

/* Begin PBXShellScriptBuildPhase section */
		736FD2B4EB79289A8E047949 /* [CP] Copy Pods Resources */ = {
			isa = PBXShellScriptBuildPhase;
			buildActionMask = 2147483647;
			files = (
			);
			inputPaths = (
			);
			name = "[CP] Copy Pods Resources";
			outputPaths = (
			);
			runOnlyForDeploymentPostprocessing = 0;
			shellPath = /bin/sh;
			shellScript = "\"${SRCROOT}/Pods/Target Support Files/Pods-WeatherApplication/Pods-WeatherApplication-resources.sh\"\n";
			showEnvVarsInLog = 0;
		};
		7511C555FA296741A1F80754 /* [CP] Embed Pods Frameworks */ = {
			isa = PBXShellScriptBuildPhase;
			buildActionMask = 2147483647;
			files = (
			);
			inputPaths = (
				"${SRCROOT}/Pods/Target Support Files/Pods-WeatherApplication/Pods-WeatherApplication-frameworks.sh",
				"${BUILT_PRODUCTS_DIR}/Alamofire/Alamofire.framework",
				"${BUILT_PRODUCTS_DIR}/ReachabilitySwift/Reachability.framework",
			);
			name = "[CP] Embed Pods Frameworks";
			outputPaths = (
				"${TARGET_BUILD_DIR}/${FRAMEWORKS_FOLDER_PATH}/Alamofire.framework",
				"${TARGET_BUILD_DIR}/${FRAMEWORKS_FOLDER_PATH}/Reachability.framework",
			);
			runOnlyForDeploymentPostprocessing = 0;
			shellPath = /bin/sh;
			shellScript = "\"${SRCROOT}/Pods/Target Support Files/Pods-WeatherApplication/Pods-WeatherApplication-frameworks.sh\"\n";
			showEnvVarsInLog = 0;
		};
		98BBCD85DD7305EC69A215B6 /* [CP] Check Pods Manifest.lock */ = {
			isa = PBXShellScriptBuildPhase;
			buildActionMask = 2147483647;
			files = (
			);
			inputPaths = (
				"${PODS_PODFILE_DIR_PATH}/Podfile.lock",
				"${PODS_ROOT}/Manifest.lock",
			);
			name = "[CP] Check Pods Manifest.lock";
			outputPaths = (
				"$(DERIVED_FILE_DIR)/Pods-WeatherApplication-checkManifestLockResult.txt",
			);
			runOnlyForDeploymentPostprocessing = 0;
			shellPath = /bin/sh;
			shellScript = "diff \"${PODS_PODFILE_DIR_PATH}/Podfile.lock\" \"${PODS_ROOT}/Manifest.lock\" > /dev/null\nif [ $? != 0 ] ; then\n    # print error to STDERR\n    echo \"error: The sandbox is not in sync with the Podfile.lock. Run 'pod install' or update your CocoaPods installation.\" >&2\n    exit 1\nfi\n# This output is used by Xcode 'outputs' to avoid re-running this script phase.\necho \"SUCCESS\" > \"${SCRIPT_OUTPUT_FILE_0}\"\n";
			showEnvVarsInLog = 0;
		};
/* End PBXShellScriptBuildPhase section */

/* Begin PBXSourcesBuildPhase section */
		7E9DA545216B974800436758 /* Sources */ = {
			isa = PBXSourcesBuildPhase;
			buildActionMask = 2147483647;
			files = (
				7E9DA580216CCD3C00436758 /* OfflineCityListTableViewController.swift in Sources */,
				7E9DA568216BE38900436758 /* OpenWeatherMapApi.swift in Sources */,
				7E9DA5A7216E5D0A00436758 /* Forecast+CoreDataClass.swift in Sources */,
				7E9DA561216BBDE300436758 /* DetailForecastTableViewCell.swift in Sources */,
				7E9DA566216BE36400436758 /* HTTPClient.swift in Sources */,
				7E9DA55F216BBD7300436758 /* DetailForecastTableViewController.swift in Sources */,
				7E9DA582216CCDA700436758 /* CityTableViewCell.swift in Sources */,
				7E9DA58E216E52C400436758 /* OfflineDetailForecastViewController.swift in Sources */,
				7E9DA54F216B974800436758 /* MainViewController.swift in Sources */,
				7E9DA58C216E3A4600436758 /* NetworkManager.swift in Sources */,
				7E9DA54D216B974800436758 /* AppDelegate.swift in Sources */,
				7E41D633216FBBFF0057E001 /* ColorExtension.swift in Sources */,
				7E9DA56A216BE4E600436758 /* Weather.swift in Sources */,
				7E9DA57E216CC9FA00436758 /* CoreDataManager.swift in Sources */,
				7E41D62F216F8A9D0057E001 /* WeatherApplication.xcdatamodeld in Sources */,
				7E9DA5A8216E5D0A00436758 /* Forecast+CoreDataProperties.swift in Sources */,
			);
			runOnlyForDeploymentPostprocessing = 0;
		};
/* End PBXSourcesBuildPhase section */

/* Begin PBXVariantGroup section */
		7E9DA550216B974800436758 /* Main.storyboard */ = {
			isa = PBXVariantGroup;
			children = (
				7E9DA551216B974800436758 /* Base */,
			);
			name = Main.storyboard;
			sourceTree = "<group>";
		};
		7E9DA555216B974800436758 /* LaunchScreen.storyboard */ = {
			isa = PBXVariantGroup;
			children = (
				7E9DA556216B974800436758 /* Base */,
			);
			name = LaunchScreen.storyboard;
			sourceTree = "<group>";
		};
/* End PBXVariantGroup section */

/* Begin XCBuildConfiguration section */
		7E9DA559216B974800436758 /* Debug */ = {
			isa = XCBuildConfiguration;
			buildSettings = {
				ALWAYS_SEARCH_USER_PATHS = NO;
				CLANG_ANALYZER_NONNULL = YES;
				CLANG_ANALYZER_NUMBER_OBJECT_CONVERSION = YES_AGGRESSIVE;
				CLANG_CXX_LANGUAGE_STANDARD = "gnu++14";
				CLANG_CXX_LIBRARY = "libc++";
				CLANG_ENABLE_MODULES = YES;
				CLANG_ENABLE_OBJC_ARC = YES;
				CLANG_WARN_BLOCK_CAPTURE_AUTORELEASING = YES;
				CLANG_WARN_BOOL_CONVERSION = YES;
				CLANG_WARN_COMMA = YES;
				CLANG_WARN_CONSTANT_CONVERSION = YES;
				CLANG_WARN_DIRECT_OBJC_ISA_USAGE = YES_ERROR;
				CLANG_WARN_DOCUMENTATION_COMMENTS = YES;
				CLANG_WARN_EMPTY_BODY = YES;
				CLANG_WARN_ENUM_CONVERSION = YES;
				CLANG_WARN_INFINITE_RECURSION = YES;
				CLANG_WARN_INT_CONVERSION = YES;
				CLANG_WARN_NON_LITERAL_NULL_CONVERSION = YES;
				CLANG_WARN_OBJC_LITERAL_CONVERSION = YES;
				CLANG_WARN_OBJC_ROOT_CLASS = YES_ERROR;
				CLANG_WARN_RANGE_LOOP_ANALYSIS = YES;
				CLANG_WARN_STRICT_PROTOTYPES = YES;
				CLANG_WARN_SUSPICIOUS_MOVE = YES;
				CLANG_WARN_UNGUARDED_AVAILABILITY = YES_AGGRESSIVE;
				CLANG_WARN_UNREACHABLE_CODE = YES;
				CLANG_WARN__DUPLICATE_METHOD_MATCH = YES;
				CODE_SIGN_IDENTITY = "iPhone Developer";
				COPY_PHASE_STRIP = NO;
				DEBUG_INFORMATION_FORMAT = dwarf;
				ENABLE_STRICT_OBJC_MSGSEND = YES;
				ENABLE_TESTABILITY = YES;
				GCC_C_LANGUAGE_STANDARD = gnu11;
				GCC_DYNAMIC_NO_PIC = NO;
				GCC_NO_COMMON_BLOCKS = YES;
				GCC_OPTIMIZATION_LEVEL = 0;
				GCC_PREPROCESSOR_DEFINITIONS = (
					"DEBUG=1",
					"$(inherited)",
				);
				GCC_WARN_64_TO_32_BIT_CONVERSION = YES;
				GCC_WARN_ABOUT_RETURN_TYPE = YES_ERROR;
				GCC_WARN_UNDECLARED_SELECTOR = YES;
				GCC_WARN_UNINITIALIZED_AUTOS = YES_AGGRESSIVE;
				GCC_WARN_UNUSED_FUNCTION = YES;
				GCC_WARN_UNUSED_VARIABLE = YES;
				IPHONEOS_DEPLOYMENT_TARGET = 11.0;
				MTL_ENABLE_DEBUG_INFO = YES;
				ONLY_ACTIVE_ARCH = YES;
				SDKROOT = iphoneos;
				SWIFT_ACTIVE_COMPILATION_CONDITIONS = DEBUG;
				SWIFT_OPTIMIZATION_LEVEL = "-Onone";
			};
			name = Debug;
		};
		7E9DA55A216B974800436758 /* Release */ = {
			isa = XCBuildConfiguration;
			buildSettings = {
				ALWAYS_SEARCH_USER_PATHS = NO;
				CLANG_ANALYZER_NONNULL = YES;
				CLANG_ANALYZER_NUMBER_OBJECT_CONVERSION = YES_AGGRESSIVE;
				CLANG_CXX_LANGUAGE_STANDARD = "gnu++14";
				CLANG_CXX_LIBRARY = "libc++";
				CLANG_ENABLE_MODULES = YES;
				CLANG_ENABLE_OBJC_ARC = YES;
				CLANG_WARN_BLOCK_CAPTURE_AUTORELEASING = YES;
				CLANG_WARN_BOOL_CONVERSION = YES;
				CLANG_WARN_COMMA = YES;
				CLANG_WARN_CONSTANT_CONVERSION = YES;
				CLANG_WARN_DIRECT_OBJC_ISA_USAGE = YES_ERROR;
				CLANG_WARN_DOCUMENTATION_COMMENTS = YES;
				CLANG_WARN_EMPTY_BODY = YES;
				CLANG_WARN_ENUM_CONVERSION = YES;
				CLANG_WARN_INFINITE_RECURSION = YES;
				CLANG_WARN_INT_CONVERSION = YES;
				CLANG_WARN_NON_LITERAL_NULL_CONVERSION = YES;
				CLANG_WARN_OBJC_LITERAL_CONVERSION = YES;
				CLANG_WARN_OBJC_ROOT_CLASS = YES_ERROR;
				CLANG_WARN_RANGE_LOOP_ANALYSIS = YES;
				CLANG_WARN_STRICT_PROTOTYPES = YES;
				CLANG_WARN_SUSPICIOUS_MOVE = YES;
				CLANG_WARN_UNGUARDED_AVAILABILITY = YES_AGGRESSIVE;
				CLANG_WARN_UNREACHABLE_CODE = YES;
				CLANG_WARN__DUPLICATE_METHOD_MATCH = YES;
				CODE_SIGN_IDENTITY = "iPhone Developer";
				COPY_PHASE_STRIP = NO;
				DEBUG_INFORMATION_FORMAT = "dwarf-with-dsym";
				ENABLE_NS_ASSERTIONS = NO;
				ENABLE_STRICT_OBJC_MSGSEND = YES;
				GCC_C_LANGUAGE_STANDARD = gnu11;
				GCC_NO_COMMON_BLOCKS = YES;
				GCC_WARN_64_TO_32_BIT_CONVERSION = YES;
				GCC_WARN_ABOUT_RETURN_TYPE = YES_ERROR;
				GCC_WARN_UNDECLARED_SELECTOR = YES;
				GCC_WARN_UNINITIALIZED_AUTOS = YES_AGGRESSIVE;
				GCC_WARN_UNUSED_FUNCTION = YES;
				GCC_WARN_UNUSED_VARIABLE = YES;
				IPHONEOS_DEPLOYMENT_TARGET = 11.0;
				MTL_ENABLE_DEBUG_INFO = NO;
				SDKROOT = iphoneos;
				SWIFT_OPTIMIZATION_LEVEL = "-Owholemodule";
				VALIDATE_PRODUCT = YES;
			};
			name = Release;
		};
		7E9DA55C216B974800436758 /* Debug */ = {
			isa = XCBuildConfiguration;
			baseConfigurationReference = 23110649180F5D5C1F68BC57 /* Pods-WeatherApplication.debug.xcconfig */;
			buildSettings = {
				ASSETCATALOG_COMPILER_APPICON_NAME = AppIcon;
				CODE_SIGN_STYLE = Automatic;
				DEVELOPMENT_TEAM = UBQW6D8SA6;
				INFOPLIST_FILE = WeatherApplication/Info.plist;
				LD_RUNPATH_SEARCH_PATHS = "$(inherited) @executable_path/Frameworks";
				PRODUCT_BUNDLE_IDENTIFIER = "Andrii-Pp.WeatherApplication";
				PRODUCT_NAME = "$(TARGET_NAME)";
				SWIFT_VERSION = 4.0;
				TARGETED_DEVICE_FAMILY = "1,2";
			};
			name = Debug;
		};
		7E9DA55D216B974800436758 /* Release */ = {
			isa = XCBuildConfiguration;
			baseConfigurationReference = 4E26A2CCBDE80F825B8D2A09 /* Pods-WeatherApplication.release.xcconfig */;
			buildSettings = {
				ASSETCATALOG_COMPILER_APPICON_NAME = AppIcon;
				CODE_SIGN_STYLE = Automatic;
				DEVELOPMENT_TEAM = UBQW6D8SA6;
				INFOPLIST_FILE = WeatherApplication/Info.plist;
				LD_RUNPATH_SEARCH_PATHS = "$(inherited) @executable_path/Frameworks";
				PRODUCT_BUNDLE_IDENTIFIER = "Andrii-Pp.WeatherApplication";
				PRODUCT_NAME = "$(TARGET_NAME)";
				SWIFT_VERSION = 4.0;
				TARGETED_DEVICE_FAMILY = "1,2";
			};
			name = Release;
		};
/* End XCBuildConfiguration section */

/* Begin XCConfigurationList section */
		7E9DA544216B974800436758 /* Build configuration list for PBXProject "WeatherApplication" */ = {
			isa = XCConfigurationList;
			buildConfigurations = (
				7E9DA559216B974800436758 /* Debug */,
				7E9DA55A216B974800436758 /* Release */,
			);
			defaultConfigurationIsVisible = 0;
			defaultConfigurationName = Release;
		};
		7E9DA55B216B974800436758 /* Build configuration list for PBXNativeTarget "WeatherApplication" */ = {
			isa = XCConfigurationList;
			buildConfigurations = (
				7E9DA55C216B974800436758 /* Debug */,
				7E9DA55D216B974800436758 /* Release */,
			);
			defaultConfigurationIsVisible = 0;
			defaultConfigurationName = Release;
		};
/* End XCConfigurationList section */

/* Begin XCVersionGroup section */
		7E41D62D216F8A9D0057E001 /* WeatherApplication.xcdatamodeld */ = {
			isa = XCVersionGroup;
			children = (
				7E41D62E216F8A9D0057E001 /* WeatherApplication.xcdatamodel */,
			);
			currentVersion = 7E41D62E216F8A9D0057E001 /* WeatherApplication.xcdatamodel */;
			path = WeatherApplication.xcdatamodeld;
			sourceTree = "<group>";
			versionGroupType = wrapper.xcdatamodel;
		};
/* End XCVersionGroup section */
	};
	rootObject = 7E9DA541216B974800436758 /* Project object */;
}
